schema: '2.0'
stages:
  prepare:
    cmd: python src/prepare.py
    deps:
    - path: src/prepare.py
      hash: md5
      md5: 088fc80c2ccb676e09305200f394e43e
      size: 542
    outs:
    - path: data/raw
      hash: md5
      md5: e58ffa629ba2153db86a355835d5032b.dir
      size: 30869943
      nfiles: 2
  preprocess:
    cmd: python src/preprocess.py
    deps:
    - path: data/raw
      hash: md5
      md5: e58ffa629ba2153db86a355835d5032b.dir
      size: 30869943
      nfiles: 2
    - path: src/preprocess.py
      hash: md5
      md5: eae684935983cb2fd67a02d5e41c6b7f
      size: 1215
    params:
      params.yaml:
        preprocess.seed: 42
        preprocess.val_size: 0.1
    outs:
    - path: data/processed
      hash: md5
      md5: 489b1e94d167d2e3a3cd9781f78d5d4d.dir
      size: 45395187
      nfiles: 3
  train:
    cmd: python src/train.py
    deps:
    - path: data/processed
      hash: md5
      md5: 489b1e94d167d2e3a3cd9781f78d5d4d.dir
      size: 45395187
      nfiles: 3
    - path: src/train.py
      hash: md5
      md5: 65df13944cd38829c08451ed1189bfcf
      size: 1597
    params:
      params.yaml:
        train.batch_size: 64
        train.dense_units: 128
        train.dropout_rate: 0.2
        train.epochs: 10
        train.learning_rate: 0.001
        train.seed: 42
    outs:
    - path: models
      hash: md5
      md5: ee4092bdb103afda9d150c0148cb8cd3.dir
      size: 1246128
      nfiles: 2
  evaluate:
    cmd: python src/evaluate.py
    deps:
    - path: data/processed
      hash: md5
      md5: 489b1e94d167d2e3a3cd9781f78d5d4d.dir
      size: 45395187
      nfiles: 3
    - path: models
      hash: md5
      md5: ee4092bdb103afda9d150c0148cb8cd3.dir
      size: 1246128
      nfiles: 2
    - path: src/evaluate.py
      hash: md5
      md5: f825c2eb569dfddadeb1d583b93bfca0
      size: 1345
    outs:
    - path: confusion_matrix.png
      hash: md5
      md5: 2a7b85ec41f55e704524533960151a6f
      size: 57407
    - path: metrics.json
      hash: md5
      md5: 454a743d04c244c5482bb2e2fcd1bbfe
      size: 53
